
Microsoft Visual Studio Solution File, Format Version 12.00
# Visual Studio Version 17
VisualStudioVersion = 17.11.35222.181
MinimumVisualStudioVersion = 10.0.40219.1
Project("{FAE04EC0-301F-11D3-BF4B-00C04F79EFBC}") = "Bank_Simulation_v1", "Bank_Simulation_v1\Bank_Simulation_v1.csproj", "{49404C3C-8BE2-478A-86CC-DC5BEA8F9341}"
EndProject
Global
	GlobalSection(SolutionConfigurationPlatforms) = preSolution
		Debug|Any CPU = Debug|Any CPU
		Release|Any CPU = Release|Any CPU
	EndGlobalSection
	GlobalSection(ProjectConfigurationPlatforms) = postSolution
		{49404C3C-8BE2-478A-86CC-DC5BEA8F9341}.Debug|Any CPU.ActiveCfg = Debug|Any CPU
		{49404C3C-8BE2-478A-86CC-DC5BEA8F9341}.Debug|Any CPU.Build.0 = Debug|Any CPU
		{49404C3C-8BE2-478A-86CC-DC5BEA8F9341}.Release|Any CPU.ActiveCfg = Release|Any CPU
		{49404C3C-8BE2-478A-86CC-DC5BEA8F9341}.Release|Any CPU.Build.0 = Release|Any CPU
	EndGlobalSection
	GlobalSection(SolutionProperties) = preSolution
		HideSolutionNode = FALSE
	EndGlobalSection
	GlobalSection(ExtensibilityGlobals) = postSolution
		SolutionGuid = {360BE75C-6738-4659-BD59-83593553FC19}
	EndGlobalSection
EndGlobal
